{
  "lockfileVersion": 1,
  "workspaces": {
    "": {
      "name": "razr",
      "peerDependencies": {
        "typescript": "^5.0.0",
      },
    },
    "packages/crypto": {
      "name": "@razr/crypto",
    },
    "packages/formdata": {
      "name": "@razr/formdata",
      "dependencies": {
        "@razr/utils": "workspace:*",
      },
    },
    "packages/schema": {
      "name": "@razr/schema",
      "dependencies": {
        "@razr/utils": "workspace:*",
        "@standard-schema/spec": "npm:@jsr/standard-schema__spec",
      },
    },
    "packages/utils": {
      "name": "@razr/utils",
    },
  },
  "packages": {
    "@razr/crypto": ["@razr/crypto@workspace:packages/crypto"],

    "@razr/formdata": ["@razr/formdata@workspace:packages/formdata"],

    "@razr/schema": ["@razr/schema@workspace:packages/schema"],

    "@razr/utils": ["@razr/utils@workspace:packages/utils"],

    "@standard-schema/spec": ["@jsr/standard-schema__spec@1.0.0", "https://npm.jsr.io/~/11/@jsr/standard-schema__spec/1.0.0.tgz", {}, "sha512-eBw0t0tzF8I/72aM7CFIseRSAAYX4awSiKUf/1DHy0msgJpnYM/8/zSD09QEncfLz8Y+DKDGTP86zaT/dk+zOg=="],

    "typescript": ["typescript@5.7.3", "", { "bin": { "tsc": "bin/tsc", "tsserver": "bin/tsserver" } }, "sha512-84MVSjMEHP+FQRPy3pX9sTVV/INIex71s9TL2Gm5FG/WG1SqXeKyZ0k7/blY/4FdOzI12CBy1vGc4og/eus0fw=="],
  }
}
